{
    "_meta": {
        "hash": {
            "sha256": "db4c4b5104d927dec514baf8d4bf486640af077fcbd9a097ce095d4d1b04172f"
        },
        "pipfile-spec": 6,
        "requires": {
            "python_version": "3.9"
        },
        "sources": [
            {
                "name": "pypi",
                "url": "https://pypi.org/simple",
                "verify_ssl": true
            }
        ]
    },
    "default": {
        "webcolors": {
            "hashes": [
                "sha256:76f360636957d1c976db7466bc71dcb713bb95ac8911944dffc55c01cb516de6",
                "sha256:b8cd5d865a25c51ff1218f0c90d0c0781fc64312a49b746b320cf50de1648f6e"
            ],
            "index": "pypi",
            "version": "==1.11.1"
        }
    },
    "develop": {}
}
